// !$*UTF8*$!
{
	archiveVersion = 1;
	classes = {
	};
	objectVersion = 50;
	objects = {

/* Begin PBXBuildFile section */
		3937357B262969500076BAAE /* Planet.swift in Sources */ = {isa = PBXBuildFile; fileRef = 3937357A262969500076BAAE /* Planet.swift */; };
		EE4978E72628F8CB00F78939 /* LoginViewController.swift in Sources */ = {isa = PBXBuildFile; fileRef = EE4978E62628F8CB00F78939 /* LoginViewController.swift */; };
		EE57611226296FF8007AE97A /* PlanetsListTableViewController.swift in Sources */ = {isa = PBXBuildFile; fileRef = EE57611126296FF8007AE97A /* PlanetsListTableViewController.swift */; };
		EE772D972628EEDE00C8415D /* AppDelegate.swift in Sources */ = {isa = PBXBuildFile; fileRef = EE772D962628EEDE00C8415D /* AppDelegate.swift */; };
		EE772D992628EEDE00C8415D /* SceneDelegate.swift in Sources */ = {isa = PBXBuildFile; fileRef = EE772D982628EEDE00C8415D /* SceneDelegate.swift */; };
		EE772D9B2628EEDE00C8415D /* StartViewController.swift in Sources */ = {isa = PBXBuildFile; fileRef = EE772D9A2628EEDE00C8415D /* StartViewController.swift */; };
		EE772D9E2628EEDE00C8415D /* Main.storyboard in Resources */ = {isa = PBXBuildFile; fileRef = EE772D9C2628EEDE00C8415D /* Main.storyboard */; };
		EE772DA02628EEDF00C8415D /* Assets.xcassets in Resources */ = {isa = PBXBuildFile; fileRef = EE772D9F2628EEDF00C8415D /* Assets.xcassets */; };
		EE772DA32628EEDF00C8415D /* LaunchScreen.storyboard in Resources */ = {isa = PBXBuildFile; fileRef = EE772DA12628EEDF00C8415D /* LaunchScreen.storyboard */; };
		EEC22C952629230900D56C69 /* InfoManager.swift in Sources */ = {isa = PBXBuildFile; fileRef = EEC22C942629230900D56C69 /* InfoManager.swift */; };
		EECC16AD2629448900551E65 /* DeveloperViewController.swift in Sources */ = {isa = PBXBuildFile; fileRef = EECC16AC2629448900551E65 /* DeveloperViewController.swift */; };
/* End PBXBuildFile section */

/* Begin PBXFileReference section */
		3937357A262969500076BAAE /* Planet.swift */ = {isa = PBXFileReference; lastKnownFileType = sourcecode.swift; path = Planet.swift; sourceTree = "<group>"; };
		EE4978E62628F8CB00F78939 /* LoginViewController.swift */ = {isa = PBXFileReference; lastKnownFileType = sourcecode.swift; path = LoginViewController.swift; sourceTree = "<group>"; };
		EE57611126296FF8007AE97A /* PlanetsListTableViewController.swift */ = {isa = PBXFileReference; lastKnownFileType = sourcecode.swift; path = PlanetsListTableViewController.swift; sourceTree = "<group>"; };
		EE772D932628EEDE00C8415D /* Solar Journey.app */ = {isa = PBXFileReference; explicitFileType = wrapper.application; includeInIndex = 0; path = "Solar Journey.app"; sourceTree = BUILT_PRODUCTS_DIR; };
		EE772D962628EEDE00C8415D /* AppDelegate.swift */ = {isa = PBXFileReference; lastKnownFileType = sourcecode.swift; path = AppDelegate.swift; sourceTree = "<group>"; };
		EE772D982628EEDE00C8415D /* SceneDelegate.swift */ = {isa = PBXFileReference; lastKnownFileType = sourcecode.swift; path = SceneDelegate.swift; sourceTree = "<group>"; };
		EE772D9A2628EEDE00C8415D /* StartViewController.swift */ = {isa = PBXFileReference; lastKnownFileType = sourcecode.swift; path = StartViewController.swift; sourceTree = "<group>"; };
		EE772D9D2628EEDE00C8415D /* Base */ = {isa = PBXFileReference; lastKnownFileType = file.storyboard; name = Base; path = Base.lproj/Main.storyboard; sourceTree = "<group>"; };
		EE772D9F2628EEDF00C8415D /* Assets.xcassets */ = {isa = PBXFileReference; lastKnownFileType = folder.assetcatalog; path = Assets.xcassets; sourceTree = "<group>"; };
		EE772DA22628EEDF00C8415D /* Base */ = {isa = PBXFileReference; lastKnownFileType = file.storyboard; name = Base; path = Base.lproj/LaunchScreen.storyboard; sourceTree = "<group>"; };
		EE772DA42628EEDF00C8415D /* Info.plist */ = {isa = PBXFileReference; lastKnownFileType = text.plist.xml; path = Info.plist; sourceTree = "<group>"; };
		EEC22C942629230900D56C69 /* InfoManager.swift */ = {isa = PBXFileReference; lastKnownFileType = sourcecode.swift; path = InfoManager.swift; sourceTree = "<group>"; };
		EECC16AC2629448900551E65 /* DeveloperViewController.swift */ = {isa = PBXFileReference; lastKnownFileType = sourcecode.swift; path = DeveloperViewController.swift; sourceTree = "<group>"; };
/* End PBXFileReference section */

/* Begin PBXFrameworksBuildPhase section */
		EE772D902628EEDE00C8415D /* Frameworks */ = {
			isa = PBXFrameworksBuildPhase;
			buildActionMask = 2147483647;
			files = (
			);
			runOnlyForDeploymentPostprocessing = 0;
		};
/* End PBXFrameworksBuildPhase section */

/* Begin PBXGroup section */
		EE772D8A2628EEDE00C8415D = {
			isa = PBXGroup;
			children = (
				EE772D952628EEDE00C8415D /* Solar Journey */,
				EE772D942628EEDE00C8415D /* Products */,
			);
			sourceTree = "<group>";
		};
		EE772D942628EEDE00C8415D /* Products */ = {
			isa = PBXGroup;
			children = (
				EE772D932628EEDE00C8415D /* Solar Journey.app */,
			);
			name = Products;
			sourceTree = "<group>";
		};
		EE772D952628EEDE00C8415D /* Solar Journey */ = {
			isa = PBXGroup;
			children = (
				EEC22C93262922D500D56C69 /* Models */,
				EEC22C92262922CB00D56C69 /* Services */,
				EE772DB02628EF1F00C8415D /* Supports */,
				EE772DAE2628EF0B00C8415D /* ViewControllers */,
				EE772DAD2628EF0000C8415D /* Storyboards */,
				EE772DAC2628EEF000C8415D /* Resources */,
			);
			path = "Solar Journey";
			sourceTree = "<group>";
		};
		EE772DAC2628EEF000C8415D /* Resources */ = {
			isa = PBXGroup;
			children = (
				EE772D9F2628EEDF00C8415D /* Assets.xcassets */,
			);
			path = Resources;
			sourceTree = "<group>";
		};
		EE772DAD2628EF0000C8415D /* Storyboards */ = {
			isa = PBXGroup;
			children = (
				EE772D9C2628EEDE00C8415D /* Main.storyboard */,
				EE772DA12628EEDF00C8415D /* LaunchScreen.storyboard */,
			);
			path = Storyboards;
			sourceTree = "<group>";
		};
		EE772DAE2628EF0B00C8415D /* ViewControllers */ = {
			isa = PBXGroup;
			children = (
				EE772D9A2628EEDE00C8415D /* StartViewController.swift */,
				EE4978E62628F8CB00F78939 /* LoginViewController.swift */,
				EE57611126296FF8007AE97A /* PlanetsListTableViewController.swift */,
				EECC16AC2629448900551E65 /* DeveloperViewController.swift */,
			);
			path = ViewControllers;
			sourceTree = "<group>";
		};
		EE772DB02628EF1F00C8415D /* Supports */ = {
			isa = PBXGroup;
			children = (
				EE772D962628EEDE00C8415D /* AppDelegate.swift */,
				EE772D982628EEDE00C8415D /* SceneDelegate.swift */,
				EE772DA42628EEDF00C8415D /* Info.plist */,
			);
			path = Supports;
			sourceTree = "<group>";
		};
		EEC22C92262922CB00D56C69 /* Services */ = {
			isa = PBXGroup;
			children = (
				EEC22C942629230900D56C69 /* InfoManager.swift */,
			);
			path = Services;
			sourceTree = "<group>";
		};
		EEC22C93262922D500D56C69 /* Models */ = {
			isa = PBXGroup;
			children = (
				3937357A262969500076BAAE /* Planet.swift */,
			);
			path = Models;
			sourceTree = "<group>";
		};
/* End PBXGroup section */

/* Begin PBXNativeTarget section */
		EE772D922628EEDE00C8415D /* Solar Journey */ = {
			isa = PBXNativeTarget;
			buildConfigurationList = EE772DA72628EEDF00C8415D /* Build configuration list for PBXNativeTarget "Solar Journey" */;
			buildPhases = (
				EE772D8F2628EEDE00C8415D /* Sources */,
				EE772D902628EEDE00C8415D /* Frameworks */,
				EE772D912628EEDE00C8415D /* Resources */,
			);
			buildRules = (
			);
			dependencies = (
			);
			name = "Solar Journey";
			productName = "Solar Journey";
			productReference = EE772D932628EEDE00C8415D /* Solar Journey.app */;
			productType = "com.apple.product-type.application";
		};
/* End PBXNativeTarget section */

/* Begin PBXProject section */
		EE772D8B2628EEDE00C8415D /* Project object */ = {
			isa = PBXProject;
			attributes = {
				LastSwiftUpdateCheck = 1240;
				LastUpgradeCheck = 1240;
				TargetAttributes = {
					EE772D922628EEDE00C8415D = {
						CreatedOnToolsVersion = 12.4;
					};
				};
			};
			buildConfigurationList = EE772D8E2628EEDE00C8415D /* Build configuration list for PBXProject "Solar Journey" */;
			compatibilityVersion = "Xcode 9.3";
			developmentRegion = en;
			hasScannedForEncodings = 0;
			knownRegions = (
				en,
				Base,
			);
			mainGroup = EE772D8A2628EEDE00C8415D;
			productRefGroup = EE772D942628EEDE00C8415D /* Products */;
			projectDirPath = "";
			projectRoot = "";
			targets = (
				EE772D922628EEDE00C8415D /* Solar Journey */,
			);
		};
/* End PBXProject section */

/* Begin PBXResourcesBuildPhase section */
		EE772D912628EEDE00C8415D /* Resources */ = {
			isa = PBXResourcesBuildPhase;
			buildActionMask = 2147483647;
			files = (
				EE772DA32628EEDF00C8415D /* LaunchScreen.storyboard in Resources */,
				EE772DA02628EEDF00C8415D /* Assets.xcassets in Resources */,
				EE772D9E2628EEDE00C8415D /* Main.storyboard in Resources */,
			);
			runOnlyForDeploymentPostprocessing = 0;
		};
/* End PBXResourcesBuildPhase section */

/* Begin PBXSourcesBuildPhase section */
		EE772D8F2628EEDE00C8415D /* Sources */ = {
			isa = PBXSourcesBuildPhase;
			buildActionMask = 2147483647;
			files = (
				EE4978E72628F8CB00F78939 /* LoginViewController.swift in Sources */,
				EE57611226296FF8007AE97A /* PlanetsListTableViewController.swift in Sources */,
				3937357B262969500076BAAE /* Planet.swift in Sources */,
				EEC22C952629230900D56C69 /* InfoManager.swift in Sources */,
				EE772D9B2628EEDE00C8415D /* StartViewController.swift in Sources */,
				EE772D972628EEDE00C8415D /* AppDelegate.swift in Sources */,
				EE772D992628EEDE00C8415D /* SceneDelegate.swift in Sources */,
				EECC16AD2629448900551E65 /* DeveloperViewController.swift in Sources */,
			);
			runOnlyForDeploymentPostprocessing = 0;
		};
/* End PBXSourcesBuildPhase section */

/* Begin PBXVariantGroup section */
		EE772D9C2628EEDE00C8415D /* Main.storyboard */ = {
			isa = PBXVariantGroup;
			children = (
				EE772D9D2628EEDE00C8415D /* Base */,
			);
			name = Main.storyboard;
			sourceTree = "<group>";
		};
		EE772DA12628EEDF00C8415D /* LaunchScreen.storyboard */ = {
			isa = PBXVariantGroup;
			children = (
				EE772DA22628EEDF00C8415D /* Base */,
			);
			name = LaunchScreen.storyboard;
			sourceTree = "<group>";
		};
/* End PBXVariantGroup section */

/* Begin XCBuildConfiguration section */
		EE772DA52628EEDF00C8415D /* Debug */ = {
			isa = XCBuildConfiguration;
			buildSettings = {
				ALWAYS_SEARCH_USER_PATHS = NO;
				CLANG_ANALYZER_NONNULL = YES;
				CLANG_ANALYZER_NUMBER_OBJECT_CONVERSION = YES_AGGRESSIVE;
				CLANG_CXX_LANGUAGE_STANDARD = "gnu++14";
				CLANG_CXX_LIBRARY = "libc++";
				CLANG_ENABLE_MODULES = YES;
				CLANG_ENABLE_OBJC_ARC = YES;
				CLANG_ENABLE_OBJC_WEAK = YES;
				CLANG_WARN_BLOCK_CAPTURE_AUTORELEASING = YES;
				CLANG_WARN_BOOL_CONVERSION = YES;
				CLANG_WARN_COMMA = YES;
				CLANG_WARN_CONSTANT_CONVERSION = YES;
				CLANG_WARN_DEPRECATED_OBJC_IMPLEMENTATIONS = YES;
				CLANG_WARN_DIRECT_OBJC_ISA_USAGE = YES_ERROR;
				CLANG_WARN_DOCUMENTATION_COMMENTS = YES;
				CLANG_WARN_EMPTY_BODY = YES;
				CLANG_WARN_ENUM_CONVERSION = YES;
				CLANG_WARN_INFINITE_RECURSION = YES;
				CLANG_WARN_INT_CONVERSION = YES;
				CLANG_WARN_NON_LITERAL_NULL_CONVERSION = YES;
				CLANG_WARN_OBJC_IMPLICIT_RETAIN_SELF = YES;
				CLANG_WARN_OBJC_LITERAL_CONVERSION = YES;
				CLANG_WARN_OBJC_ROOT_CLASS = YES_ERROR;
				CLANG_WARN_QUOTED_INCLUDE_IN_FRAMEWORK_HEADER = YES;
				CLANG_WARN_RANGE_LOOP_ANALYSIS = YES;
				CLANG_WARN_STRICT_PROTOTYPES = YES;
				CLANG_WARN_SUSPICIOUS_MOVE = YES;
				CLANG_WARN_UNGUARDED_AVAILABILITY = YES_AGGRESSIVE;
				CLANG_WARN_UNREACHABLE_CODE = YES;
				CLANG_WARN__DUPLICATE_METHOD_MATCH = YES;
				COPY_PHASE_STRIP = NO;
				DEBUG_INFORMATION_FORMAT = dwarf;
				ENABLE_STRICT_OBJC_MSGSEND = YES;
				ENABLE_TESTABILITY = YES;
				GCC_C_LANGUAGE_STANDARD = gnu11;
				GCC_DYNAMIC_NO_PIC = NO;
				GCC_NO_COMMON_BLOCKS = YES;
				GCC_OPTIMIZATION_LEVEL = 0;
				GCC_PREPROCESSOR_DEFINITIONS = (
					"DEBUG=1",
					"$(inherited)",
				);
				GCC_WARN_64_TO_32_BIT_CONVERSION = YES;
				GCC_WARN_ABOUT_RETURN_TYPE = YES_ERROR;
				GCC_WARN_UNDECLARED_SELECTOR = YES;
				GCC_WARN_UNINITIALIZED_AUTOS = YES_AGGRESSIVE;
				GCC_WARN_UNUSED_FUNCTION = YES;
				GCC_WARN_UNUSED_VARIABLE = YES;
				IPHONEOS_DEPLOYMENT_TARGET = 14.4;
				MTL_ENABLE_DEBUG_INFO = INCLUDE_SOURCE;
				MTL_FAST_MATH = YES;
				ONLY_ACTIVE_ARCH = YES;
				SDKROOT = iphoneos;
				SWIFT_ACTIVE_COMPILATION_CONDITIONS = DEBUG;
				SWIFT_OPTIMIZATION_LEVEL = "-Onone";
			};
			name = Debug;
		};
		EE772DA62628EEDF00C8415D /* Release */ = {
			isa = XCBuildConfiguration;
			buildSettings = {
				ALWAYS_SEARCH_USER_PATHS = NO;
				CLANG_ANALYZER_NONNULL = YES;
				CLANG_ANALYZER_NUMBER_OBJECT_CONVERSION = YES_AGGRESSIVE;
				CLANG_CXX_LANGUAGE_STANDARD = "gnu++14";
				CLANG_CXX_LIBRARY = "libc++";
				CLANG_ENABLE_MODULES = YES;
				CLANG_ENABLE_OBJC_ARC = YES;
				CLANG_ENABLE_OBJC_WEAK = YES;
				CLANG_WARN_BLOCK_CAPTURE_AUTORELEASING = YES;
				CLANG_WARN_BOOL_CONVERSION = YES;
				CLANG_WARN_COMMA = YES;
				CLANG_WARN_CONSTANT_CONVERSION = YES;
				CLANG_WARN_DEPRECATED_OBJC_IMPLEMENTATIONS = YES;
				CLANG_WARN_DIRECT_OBJC_ISA_USAGE = YES_ERROR;
				CLANG_WARN_DOCUMENTATION_COMMENTS = YES;
				CLANG_WARN_EMPTY_BODY = YES;
				CLANG_WARN_ENUM_CONVERSION = YES;
				CLANG_WARN_INFINITE_RECURSION = YES;
				CLANG_WARN_INT_CONVERSION = YES;
				CLANG_WARN_NON_LITERAL_NULL_CONVERSION = YES;
				CLANG_WARN_OBJC_IMPLICIT_RETAIN_SELF = YES;
				CLANG_WARN_OBJC_LITERAL_CONVERSION = YES;
				CLANG_WARN_OBJC_ROOT_CLASS = YES_ERROR;
				CLANG_WARN_QUOTED_INCLUDE_IN_FRAMEWORK_HEADER = YES;
				CLANG_WARN_RANGE_LOOP_ANALYSIS = YES;
				CLANG_WARN_STRICT_PROTOTYPES = YES;
				CLANG_WARN_SUSPICIOUS_MOVE = YES;
				CLANG_WARN_UNGUARDED_AVAILABILITY = YES_AGGRESSIVE;
				CLANG_WARN_UNREACHABLE_CODE = YES;
				CLANG_WARN__DUPLICATE_METHOD_MATCH = YES;
				COPY_PHASE_STRIP = NO;
				DEBUG_INFORMATION_FORMAT = "dwarf-with-dsym";
				ENABLE_NS_ASSERTIONS = NO;
				ENABLE_STRICT_OBJC_MSGSEND = YES;
				GCC_C_LANGUAGE_STANDARD = gnu11;
				GCC_NO_COMMON_BLOCKS = YES;
				GCC_WARN_64_TO_32_BIT_CONVERSION = YES;
				GCC_WARN_ABOUT_RETURN_TYPE = YES_ERROR;
				GCC_WARN_UNDECLARED_SELECTOR = YES;
				GCC_WARN_UNINITIALIZED_AUTOS = YES_AGGRESSIVE;
				GCC_WARN_UNUSED_FUNCTION = YES;
				GCC_WARN_UNUSED_VARIABLE = YES;
				IPHONEOS_DEPLOYMENT_TARGET = 14.4;
				MTL_ENABLE_DEBUG_INFO = NO;
				MTL_FAST_MATH = YES;
				SDKROOT = iphoneos;
				SWIFT_COMPILATION_MODE = wholemodule;
				SWIFT_OPTIMIZATION_LEVEL = "-O";
				VALIDATE_PRODUCT = YES;
			};
			name = Release;
		};
		EE772DA82628EEDF00C8415D /* Debug */ = {
			isa = XCBuildConfiguration;
			buildSettings = {
				ASSETCATALOG_COMPILER_APPICON_NAME = AppIcon;
				ASSETCATALOG_COMPILER_GLOBAL_ACCENT_COLOR_NAME = AccentColor;
				CODE_SIGN_STYLE = Automatic;
				INFOPLIST_FILE = "Solar Journey/Supports/Info.plist";
				LD_RUNPATH_SEARCH_PATHS = (
					"$(inherited)",
					"@executable_path/Frameworks",
				);
				PRODUCT_BUNDLE_IDENTIFIER = "GE-Developer.Solar-Journey";
				PRODUCT_NAME = "$(TARGET_NAME)";
				SWIFT_VERSION = 5.0;
				TARGETED_DEVICE_FAMILY = 1;
			};
			name = Debug;
		};
		EE772DA92628EEDF00C8415D /* Release */ = {
			isa = XCBuildConfiguration;
			buildSettings = {
				ASSETCATALOG_COMPILER_APPICON_NAME = AppIcon;
				ASSETCATALOG_COMPILER_GLOBAL_ACCENT_COLOR_NAME = AccentColor;
				CODE_SIGN_STYLE = Automatic;
				INFOPLIST_FILE = "Solar Journey/Supports/Info.plist";
				LD_RUNPATH_SEARCH_PATHS = (
					"$(inherited)",
					"@executable_path/Frameworks",
				);
				PRODUCT_BUNDLE_IDENTIFIER = "GE-Developer.Solar-Journey";
				PRODUCT_NAME = "$(TARGET_NAME)";
				SWIFT_VERSION = 5.0;
				TARGETED_DEVICE_FAMILY = 1;
			};
			name = Release;
		};
/* End XCBuildConfiguration section */

/* Begin XCConfigurationList section */
		EE772D8E2628EEDE00C8415D /* Build configuration list for PBXProject "Solar Journey" */ = {
			isa = XCConfigurationList;
			buildConfigurations = (
				EE772DA52628EEDF00C8415D /* Debug */,
				EE772DA62628EEDF00C8415D /* Release */,
			);
			defaultConfigurationIsVisible = 0;
			defaultConfigurationName = Release;
		};
		EE772DA72628EEDF00C8415D /* Build configuration list for PBXNativeTarget "Solar Journey" */ = {
			isa = XCConfigurationList;
			buildConfigurations = (
				EE772DA82628EEDF00C8415D /* Debug */,
				EE772DA92628EEDF00C8415D /* Release */,
			);
			defaultConfigurationIsVisible = 0;
			defaultConfigurationName = Release;
		};
/* End XCConfigurationList section */
	};
	rootObject = EE772D8B2628EEDE00C8415D /* Project object */;
}
